// !$*UTF8*$!
{
	archiveVersion = 1;
	classes = {
	};
	objectVersion = 50;
	objects = {

/* Begin PBXBuildFile section */
		6D1C2D342355075C00C2D535 /* AppDelegate.swift in Sources */ = {isa = PBXBuildFile; fileRef = 6D1C2D332355075C00C2D535 /* AppDelegate.swift */; };
		6D1C2D362355075C00C2D535 /* SceneDelegate.swift in Sources */ = {isa = PBXBuildFile; fileRef = 6D1C2D352355075C00C2D535 /* SceneDelegate.swift */; };
		6D1C2D382355075C00C2D535 /* ViewController.swift in Sources */ = {isa = PBXBuildFile; fileRef = 6D1C2D372355075C00C2D535 /* ViewController.swift */; };
		6D1C2D3B2355075C00C2D535 /* Main.storyboard in Resources */ = {isa = PBXBuildFile; fileRef = 6D1C2D392355075C00C2D535 /* Main.storyboard */; };
		6D1C2D3D2355075E00C2D535 /* Assets.xcassets in Resources */ = {isa = PBXBuildFile; fileRef = 6D1C2D3C2355075E00C2D535 /* Assets.xcassets */; };
		6D1C2D402355075E00C2D535 /* LaunchScreen.storyboard in Resources */ = {isa = PBXBuildFile; fileRef = 6D1C2D3E2355075E00C2D535 /* LaunchScreen.storyboard */; };
		6D1C2D4B2355075E00C2D535 /* KimJiryangHW4Tests.swift in Sources */ = {isa = PBXBuildFile; fileRef = 6D1C2D4A2355075E00C2D535 /* KimJiryangHW4Tests.swift */; };
		6D1C2D562355075E00C2D535 /* KimJiryangHW4UITests.swift in Sources */ = {isa = PBXBuildFile; fileRef = 6D1C2D552355075E00C2D535 /* KimJiryangHW4UITests.swift */; };
		6D1C2DA52355982600C2D535 /* HW4AccessibilityIdentifiers.swift in Sources */ = {isa = PBXBuildFile; fileRef = 6D1C2DA42355982600C2D535 /* HW4AccessibilityIdentifiers.swift */; };
		6D1C2DA62355982600C2D535 /* HW4AccessibilityIdentifiers.swift in Sources */ = {isa = PBXBuildFile; fileRef = 6D1C2DA42355982600C2D535 /* HW4AccessibilityIdentifiers.swift */; };
		6D1C2DA82355983200C2D535 /* HW4SanityTest.swift in Sources */ = {isa = PBXBuildFile; fileRef = 6D1C2DA72355983200C2D535 /* HW4SanityTest.swift */; };
/* End PBXBuildFile section */

/* Begin PBXContainerItemProxy section */
		6D1C2D472355075E00C2D535 /* PBXContainerItemProxy */ = {
			isa = PBXContainerItemProxy;
			containerPortal = 6D1C2D282355075C00C2D535 /* Project object */;
			proxyType = 1;
			remoteGlobalIDString = 6D1C2D2F2355075C00C2D535;
			remoteInfo = KimJiryangHW4;
		};
		6D1C2D522355075E00C2D535 /* PBXContainerItemProxy */ = {
			isa = PBXContainerItemProxy;
			containerPortal = 6D1C2D282355075C00C2D535 /* Project object */;
			proxyType = 1;
			remoteGlobalIDString = 6D1C2D2F2355075C00C2D535;
			remoteInfo = KimJiryangHW4;
		};
/* End PBXContainerItemProxy section */

/* Begin PBXFileReference section */
		6D1C2D302355075C00C2D535 /* KimJiryangHW4.app */ = {isa = PBXFileReference; explicitFileType = wrapper.application; includeInIndex = 0; path = KimJiryangHW4.app; sourceTree = BUILT_PRODUCTS_DIR; };
		6D1C2D332355075C00C2D535 /* AppDelegate.swift */ = {isa = PBXFileReference; lastKnownFileType = sourcecode.swift; path = AppDelegate.swift; sourceTree = "<group>"; };
		6D1C2D352355075C00C2D535 /* SceneDelegate.swift */ = {isa = PBXFileReference; lastKnownFileType = sourcecode.swift; path = SceneDelegate.swift; sourceTree = "<group>"; };
		6D1C2D372355075C00C2D535 /* ViewController.swift */ = {isa = PBXFileReference; lastKnownFileType = sourcecode.swift; path = ViewController.swift; sourceTree = "<group>"; };
		6D1C2D3A2355075C00C2D535 /* Base */ = {isa = PBXFileReference; lastKnownFileType = file.storyboard; name = Base; path = Base.lproj/Main.storyboard; sourceTree = "<group>"; };
		6D1C2D3C2355075E00C2D535 /* Assets.xcassets */ = {isa = PBXFileReference; lastKnownFileType = folder.assetcatalog; path = Assets.xcassets; sourceTree = "<group>"; };
		6D1C2D3F2355075E00C2D535 /* Base */ = {isa = PBXFileReference; lastKnownFileType = file.storyboard; name = Base; path = Base.lproj/LaunchScreen.storyboard; sourceTree = "<group>"; };
		6D1C2D412355075E00C2D535 /* Info.plist */ = {isa = PBXFileReference; lastKnownFileType = text.plist.xml; path = Info.plist; sourceTree = "<group>"; };
		6D1C2D462355075E00C2D535 /* KimJiryangHW4Tests.xctest */ = {isa = PBXFileReference; explicitFileType = wrapper.cfbundle; includeInIndex = 0; path = KimJiryangHW4Tests.xctest; sourceTree = BUILT_PRODUCTS_DIR; };
		6D1C2D4A2355075E00C2D535 /* KimJiryangHW4Tests.swift */ = {isa = PBXFileReference; lastKnownFileType = sourcecode.swift; path = KimJiryangHW4Tests.swift; sourceTree = "<group>"; };
		6D1C2D4C2355075E00C2D535 /* Info.plist */ = {isa = PBXFileReference; lastKnownFileType = text.plist.xml; path = Info.plist; sourceTree = "<group>"; };
		6D1C2D512355075E00C2D535 /* KimJiryangHW4UITests.xctest */ = {isa = PBXFileReference; explicitFileType = wrapper.cfbundle; includeInIndex = 0; path = KimJiryangHW4UITests.xctest; sourceTree = BUILT_PRODUCTS_DIR; };
		6D1C2D552355075E00C2D535 /* KimJiryangHW4UITests.swift */ = {isa = PBXFileReference; lastKnownFileType = sourcecode.swift; path = KimJiryangHW4UITests.swift; sourceTree = "<group>"; };
		6D1C2D572355075E00C2D535 /* Info.plist */ = {isa = PBXFileReference; lastKnownFileType = text.plist.xml; path = Info.plist; sourceTree = "<group>"; };
		6D1C2DA42355982600C2D535 /* HW4AccessibilityIdentifiers.swift */ = {isa = PBXFileReference; fileEncoding = 4; lastKnownFileType = sourcecode.swift; path = HW4AccessibilityIdentifiers.swift; sourceTree = "<group>"; };
		6D1C2DA72355983200C2D535 /* HW4SanityTest.swift */ = {isa = PBXFileReference; fileEncoding = 4; lastKnownFileType = sourcecode.swift; path = HW4SanityTest.swift; sourceTree = "<group>"; };
/* End PBXFileReference section */

/* Begin PBXFrameworksBuildPhase section */
		6D1C2D2D2355075C00C2D535 /* Frameworks */ = {
			isa = PBXFrameworksBuildPhase;
			buildActionMask = 2147483647;
			files = (
			);
			runOnlyForDeploymentPostprocessing = 0;
		};
		6D1C2D432355075E00C2D535 /* Frameworks */ = {
			isa = PBXFrameworksBuildPhase;
			buildActionMask = 2147483647;
			files = (
			);
			runOnlyForDeploymentPostprocessing = 0;
		};
		6D1C2D4E2355075E00C2D535 /* Frameworks */ = {
			isa = PBXFrameworksBuildPhase;
			buildActionMask = 2147483647;
			files = (
			);
			runOnlyForDeploymentPostprocessing = 0;
		};
/* End PBXFrameworksBuildPhase section */

/* Begin PBXGroup section */
		6D1C2D272355075C00C2D535 = {
			isa = PBXGroup;
			children = (
				6D1C2D322355075C00C2D535 /* KimJiryangHW4 */,
				6D1C2D492355075E00C2D535 /* KimJiryangHW4Tests */,
				6D1C2D542355075E00C2D535 /* KimJiryangHW4UITests */,
				6D1C2D312355075C00C2D535 /* Products */,
			);
			sourceTree = "<group>";
		};
		6D1C2D312355075C00C2D535 /* Products */ = {
			isa = PBXGroup;
			children = (
				6D1C2D302355075C00C2D535 /* KimJiryangHW4.app */,
				6D1C2D462355075E00C2D535 /* KimJiryangHW4Tests.xctest */,
				6D1C2D512355075E00C2D535 /* KimJiryangHW4UITests.xctest */,
			);
			name = Products;
			sourceTree = "<group>";
		};
		6D1C2D322355075C00C2D535 /* KimJiryangHW4 */ = {
			isa = PBXGroup;
			children = (
				6D1C2D332355075C00C2D535 /* AppDelegate.swift */,
				6D1C2D352355075C00C2D535 /* SceneDelegate.swift */,
				6D1C2DA42355982600C2D535 /* HW4AccessibilityIdentifiers.swift */,
				6D1C2DA72355983200C2D535 /* HW4SanityTest.swift */,
				6D1C2D372355075C00C2D535 /* ViewController.swift */,
				6D1C2D392355075C00C2D535 /* Main.storyboard */,
				6D1C2D3C2355075E00C2D535 /* Assets.xcassets */,
				6D1C2D3E2355075E00C2D535 /* LaunchScreen.storyboard */,
				6D1C2D412355075E00C2D535 /* Info.plist */,
			);
			path = KimJiryangHW4;
			sourceTree = "<group>";
		};
		6D1C2D492355075E00C2D535 /* KimJiryangHW4Tests */ = {
			isa = PBXGroup;
			children = (
				6D1C2D4A2355075E00C2D535 /* KimJiryangHW4Tests.swift */,
				6D1C2D4C2355075E00C2D535 /* Info.plist */,
			);
			path = KimJiryangHW4Tests;
			sourceTree = "<group>";
		};
		6D1C2D542355075E00C2D535 /* KimJiryangHW4UITests */ = {
			isa = PBXGroup;
			children = (
				6D1C2D552355075E00C2D535 /* KimJiryangHW4UITests.swift */,
				6D1C2D572355075E00C2D535 /* Info.plist */,
			);
			path = KimJiryangHW4UITests;
			sourceTree = "<group>";
		};
/* End PBXGroup section */

/* Begin PBXNativeTarget section */
		6D1C2D2F2355075C00C2D535 /* KimJiryangHW4 */ = {
			isa = PBXNativeTarget;
			buildConfigurationList = 6D1C2D5A2355075E00C2D535 /* Build configuration list for PBXNativeTarget "KimJiryangHW4" */;
			buildPhases = (
				6D1C2D2C2355075C00C2D535 /* Sources */,
				6D1C2D2D2355075C00C2D535 /* Frameworks */,
				6D1C2D2E2355075C00C2D535 /* Resources */,
			);
			buildRules = (
			);
			dependencies = (
			);
			name = KimJiryangHW4;
			productName = KimJiryangHW4;
			productReference = 6D1C2D302355075C00C2D535 /* KimJiryangHW4.app */;
			productType = "com.apple.product-type.application";
		};
		6D1C2D452355075E00C2D535 /* KimJiryangHW4Tests */ = {
			isa = PBXNativeTarget;
			buildConfigurationList = 6D1C2D5D2355075E00C2D535 /* Build configuration list for PBXNativeTarget "KimJiryangHW4Tests" */;
			buildPhases = (
				6D1C2D422355075E00C2D535 /* Sources */,
				6D1C2D432355075E00C2D535 /* Frameworks */,
				6D1C2D442355075E00C2D535 /* Resources */,
			);
			buildRules = (
			);
			dependencies = (
				6D1C2D482355075E00C2D535 /* PBXTargetDependency */,
			);
			name = KimJiryangHW4Tests;
			productName = KimJiryangHW4Tests;
			productReference = 6D1C2D462355075E00C2D535 /* KimJiryangHW4Tests.xctest */;
			productType = "com.apple.product-type.bundle.unit-test";
		};
		6D1C2D502355075E00C2D535 /* KimJiryangHW4UITests */ = {
			isa = PBXNativeTarget;
			buildConfigurationList = 6D1C2D602355075E00C2D535 /* Build configuration list for PBXNativeTarget "KimJiryangHW4UITests" */;
			buildPhases = (
				6D1C2D4D2355075E00C2D535 /* Sources */,
				6D1C2D4E2355075E00C2D535 /* Frameworks */,
				6D1C2D4F2355075E00C2D535 /* Resources */,
			);
			buildRules = (
			);
			dependencies = (
				6D1C2D532355075E00C2D535 /* PBXTargetDependency */,
			);
			name = KimJiryangHW4UITests;
			productName = KimJiryangHW4UITests;
			productReference = 6D1C2D512355075E00C2D535 /* KimJiryangHW4UITests.xctest */;
			productType = "com.apple.product-type.bundle.ui-testing";
		};
/* End PBXNativeTarget section */

/* Begin PBXProject section */
		6D1C2D282355075C00C2D535 /* Project object */ = {
			isa = PBXProject;
			attributes = {
				LastSwiftUpdateCheck = 1110;
				LastUpgradeCheck = 1110;
				ORGANIZATIONNAME = "Jerrod Kim";
				TargetAttributes = {
					6D1C2D2F2355075C00C2D535 = {
						CreatedOnToolsVersion = 11.1;
					};
					6D1C2D452355075E00C2D535 = {
						CreatedOnToolsVersion = 11.1;
						TestTargetID = 6D1C2D2F2355075C00C2D535;
					};
					6D1C2D502355075E00C2D535 = {
						CreatedOnToolsVersion = 11.1;
						TestTargetID = 6D1C2D2F2355075C00C2D535;
					};
				};
			};
			buildConfigurationList = 6D1C2D2B2355075C00C2D535 /* Build configuration list for PBXProject "KimJiryangHW4" */;
			compatibilityVersion = "Xcode 9.3";
			developmentRegion = en;
			hasScannedForEncodings = 0;
			knownRegions = (
				en,
				Base,
			);
			mainGroup = 6D1C2D272355075C00C2D535;
			productRefGroup = 6D1C2D312355075C00C2D535 /* Products */;
			projectDirPath = "";
			projectRoot = "";
			targets = (
				6D1C2D2F2355075C00C2D535 /* KimJiryangHW4 */,
				6D1C2D452355075E00C2D535 /* KimJiryangHW4Tests */,
				6D1C2D502355075E00C2D535 /* KimJiryangHW4UITests */,
			);
		};
/* End PBXProject section */

/* Begin PBXResourcesBuildPhase section */
		6D1C2D2E2355075C00C2D535 /* Resources */ = {
			isa = PBXResourcesBuildPhase;
			buildActionMask = 2147483647;
			files = (
				6D1C2D402355075E00C2D535 /* LaunchScreen.storyboard in Resources */,
				6D1C2D3D2355075E00C2D535 /* Assets.xcassets in Resources */,
				6D1C2D3B2355075C00C2D535 /* Main.storyboard in Resources */,
			);
			runOnlyForDeploymentPostprocessing = 0;
		};
		6D1C2D442355075E00C2D535 /* Resources */ = {
			isa = PBXResourcesBuildPhase;
			buildActionMask = 2147483647;
			files = (
			);
			runOnlyForDeploymentPostprocessing = 0;
		};
		6D1C2D4F2355075E00C2D535 /* Resources */ = {
			isa = PBXResourcesBuildPhase;
			buildActionMask = 2147483647;
			files = (
			);
			runOnlyForDeploymentPostprocessing = 0;
		};
/* End PBXResourcesBuildPhase section */

/* Begin PBXSourcesBuildPhase section */
		6D1C2D2C2355075C00C2D535 /* Sources */ = {
			isa = PBXSourcesBuildPhase;
			buildActionMask = 2147483647;
			files = (
				6D1C2D382355075C00C2D535 /* ViewController.swift in Sources */,
				6D1C2D342355075C00C2D535 /* AppDelegate.swift in Sources */,
				6D1C2D362355075C00C2D535 /* SceneDelegate.swift in Sources */,
				6D1C2DA52355982600C2D535 /* HW4AccessibilityIdentifiers.swift in Sources */,
			);
			runOnlyForDeploymentPostprocessing = 0;
		};
		6D1C2D422355075E00C2D535 /* Sources */ = {
			isa = PBXSourcesBuildPhase;
			buildActionMask = 2147483647;
			files = (
				6D1C2D4B2355075E00C2D535 /* KimJiryangHW4Tests.swift in Sources */,
			);
			runOnlyForDeploymentPostprocessing = 0;
		};
		6D1C2D4D2355075E00C2D535 /* Sources */ = {
			isa = PBXSourcesBuildPhase;
			buildActionMask = 2147483647;
			files = (
				6D1C2DA82355983200C2D535 /* HW4SanityTest.swift in Sources */,
				6D1C2D562355075E00C2D535 /* KimJiryangHW4UITests.swift in Sources */,
				6D1C2DA62355982600C2D535 /* HW4AccessibilityIdentifiers.swift in Sources */,
			);
			runOnlyForDeploymentPostprocessing = 0;
		};
/* End PBXSourcesBuildPhase section */

/* Begin PBXTargetDependency section */
		6D1C2D482355075E00C2D535 /* PBXTargetDependency */ = {
			isa = PBXTargetDependency;
			target = 6D1C2D2F2355075C00C2D535 /* KimJiryangHW4 */;
			targetProxy = 6D1C2D472355075E00C2D535 /* PBXContainerItemProxy */;
		};
		6D1C2D532355075E00C2D535 /* PBXTargetDependency */ = {
			isa = PBXTargetDependency;
			target = 6D1C2D2F2355075C00C2D535 /* KimJiryangHW4 */;
			targetProxy = 6D1C2D522355075E00C2D535 /* PBXContainerItemProxy */;
		};
/* End PBXTargetDependency section */

/* Begin PBXVariantGroup section */
		6D1C2D392355075C00C2D535 /* Main.storyboard */ = {
			isa = PBXVariantGroup;
			children = (
				6D1C2D3A2355075C00C2D535 /* Base */,
			);
			name = Main.storyboard;
			sourceTree = "<group>";
		};
		6D1C2D3E2355075E00C2D535 /* LaunchScreen.storyboard */ = {
			isa = PBXVariantGroup;
			children = (
				6D1C2D3F2355075E00C2D535 /* Base */,
			);
			name = LaunchScreen.storyboard;
			sourceTree = "<group>";
		};
/* End PBXVariantGroup section */

/* Begin XCBuildConfiguration section */
		6D1C2D582355075E00C2D535 /* Debug */ = {
			isa = XCBuildConfiguration;
			buildSettings = {
				ALWAYS_SEARCH_USER_PATHS = NO;
				CLANG_ANALYZER_NONNULL = YES;
				CLANG_ANALYZER_NUMBER_OBJECT_CONVERSION = YES_AGGRESSIVE;
				CLANG_CXX_LANGUAGE_STANDARD = "gnu++14";
				CLANG_CXX_LIBRARY = "libc++";
				CLANG_ENABLE_MODULES = YES;
				CLANG_ENABLE_OBJC_ARC = YES;
				CLANG_ENABLE_OBJC_WEAK = YES;
				CLANG_WARN_BLOCK_CAPTURE_AUTORELEASING = YES;
				CLANG_WARN_BOOL_CONVERSION = YES;
				CLANG_WARN_COMMA = YES;
				CLANG_WARN_CONSTANT_CONVERSION = YES;
				CLANG_WARN_DEPRECATED_OBJC_IMPLEMENTATIONS = YES;
				CLANG_WARN_DIRECT_OBJC_ISA_USAGE = YES_ERROR;
				CLANG_WARN_DOCUMENTATION_COMMENTS = YES;
				CLANG_WARN_EMPTY_BODY = YES;
				CLANG_WARN_ENUM_CONVERSION = YES;
				CLANG_WARN_INFINITE_RECURSION = YES;
				CLANG_WARN_INT_CONVERSION = YES;
				CLANG_WARN_NON_LITERAL_NULL_CONVERSION = YES;
				CLANG_WARN_OBJC_IMPLICIT_RETAIN_SELF = YES;
				CLANG_WARN_OBJC_LITERAL_CONVERSION = YES;
				CLANG_WARN_OBJC_ROOT_CLASS = YES_ERROR;
				CLANG_WARN_RANGE_LOOP_ANALYSIS = YES;
				CLANG_WARN_STRICT_PROTOTYPES = YES;
				CLANG_WARN_SUSPICIOUS_MOVE = YES;
				CLANG_WARN_UNGUARDED_AVAILABILITY = YES_AGGRESSIVE;
				CLANG_WARN_UNREACHABLE_CODE = YES;
				CLANG_WARN__DUPLICATE_METHOD_MATCH = YES;
				COPY_PHASE_STRIP = NO;
				DEBUG_INFORMATION_FORMAT = dwarf;
				ENABLE_STRICT_OBJC_MSGSEND = YES;
				ENABLE_TESTABILITY = YES;
				GCC_C_LANGUAGE_STANDARD = gnu11;
				GCC_DYNAMIC_NO_PIC = NO;
				GCC_NO_COMMON_BLOCKS = YES;
				GCC_OPTIMIZATION_LEVEL = 0;
				GCC_PREPROCESSOR_DEFINITIONS = (
					"DEBUG=1",
					"$(inherited)",
				);
				GCC_WARN_64_TO_32_BIT_CONVERSION = YES;
				GCC_WARN_ABOUT_RETURN_TYPE = YES_ERROR;
				GCC_WARN_UNDECLARED_SELECTOR = YES;
				GCC_WARN_UNINITIALIZED_AUTOS = YES_AGGRESSIVE;
				GCC_WARN_UNUSED_FUNCTION = YES;
				GCC_WARN_UNUSED_VARIABLE = YES;
				IPHONEOS_DEPLOYMENT_TARGET = 13.1;
				MTL_ENABLE_DEBUG_INFO = INCLUDE_SOURCE;
				MTL_FAST_MATH = YES;
				ONLY_ACTIVE_ARCH = YES;
				SDKROOT = iphoneos;
				SWIFT_ACTIVE_COMPILATION_CONDITIONS = DEBUG;
				SWIFT_OPTIMIZATION_LEVEL = "-Onone";
			};
			name = Debug;
		};
		6D1C2D592355075E00C2D535 /* Release */ = {
			isa = XCBuildConfiguration;
			buildSettings = {
				ALWAYS_SEARCH_USER_PATHS = NO;
				CLANG_ANALYZER_NONNULL = YES;
				CLANG_ANALYZER_NUMBER_OBJECT_CONVERSION = YES_AGGRESSIVE;
				CLANG_CXX_LANGUAGE_STANDARD = "gnu++14";
				CLANG_CXX_LIBRARY = "libc++";
				CLANG_ENABLE_MODULES = YES;
				CLANG_ENABLE_OBJC_ARC = YES;
				CLANG_ENABLE_OBJC_WEAK = YES;
				CLANG_WARN_BLOCK_CAPTURE_AUTORELEASING = YES;
				CLANG_WARN_BOOL_CONVERSION = YES;
				CLANG_WARN_COMMA = YES;
				CLANG_WARN_CONSTANT_CONVERSION = YES;
				CLANG_WARN_DEPRECATED_OBJC_IMPLEMENTATIONS = YES;
				CLANG_WARN_DIRECT_OBJC_ISA_USAGE = YES_ERROR;
				CLANG_WARN_DOCUMENTATION_COMMENTS = YES;
				CLANG_WARN_EMPTY_BODY = YES;
				CLANG_WARN_ENUM_CONVERSION = YES;
				CLANG_WARN_INFINITE_RECURSION = YES;
				CLANG_WARN_INT_CONVERSION = YES;
				CLANG_WARN_NON_LITERAL_NULL_CONVERSION = YES;
				CLANG_WARN_OBJC_IMPLICIT_RETAIN_SELF = YES;
				CLANG_WARN_OBJC_LITERAL_CONVERSION = YES;
				CLANG_WARN_OBJC_ROOT_CLASS = YES_ERROR;
				CLANG_WARN_RANGE_LOOP_ANALYSIS = YES;
				CLANG_WARN_STRICT_PROTOTYPES = YES;
				CLANG_WARN_SUSPICIOUS_MOVE = YES;
				CLANG_WARN_UNGUARDED_AVAILABILITY = YES_AGGRESSIVE;
				CLANG_WARN_UNREACHABLE_CODE = YES;
				CLANG_WARN__DUPLICATE_METHOD_MATCH = YES;
				COPY_PHASE_STRIP = NO;
				DEBUG_INFORMATION_FORMAT = "dwarf-with-dsym";
				ENABLE_NS_ASSERTIONS = NO;
				ENABLE_STRICT_OBJC_MSGSEND = YES;
				GCC_C_LANGUAGE_STANDARD = gnu11;
				GCC_NO_COMMON_BLOCKS = YES;
				GCC_WARN_64_TO_32_BIT_CONVERSION = YES;
				GCC_WARN_ABOUT_RETURN_TYPE = YES_ERROR;
				GCC_WARN_UNDECLARED_SELECTOR = YES;
				GCC_WARN_UNINITIALIZED_AUTOS = YES_AGGRESSIVE;
				GCC_WARN_UNUSED_FUNCTION = YES;
				GCC_WARN_UNUSED_VARIABLE = YES;
				IPHONEOS_DEPLOYMENT_TARGET = 13.1;
				MTL_ENABLE_DEBUG_INFO = NO;
				MTL_FAST_MATH = YES;
				SDKROOT = iphoneos;
				SWIFT_COMPILATION_MODE = wholemodule;
				SWIFT_OPTIMIZATION_LEVEL = "-O";
				VALIDATE_PRODUCT = YES;
			};
			name = Release;
		};
		6D1C2D5B2355075E00C2D535 /* Debug */ = {
			isa = XCBuildConfiguration;
			buildSettings = {
				ASSETCATALOG_COMPILER_APPICON_NAME = AppIcon;
				CODE_SIGN_STYLE = Automatic;
				INFOPLIST_FILE = KimJiryangHW4/Info.plist;
				LD_RUNPATH_SEARCH_PATHS = (
					"$(inherited)",
					"@executable_path/Frameworks",
				);
				PRODUCT_BUNDLE_IDENTIFIER = edu.usc.jiryangk.KimJiryangHW4;
				PRODUCT_NAME = "$(TARGET_NAME)";
				SWIFT_VERSION = 5.0;
				TARGETED_DEVICE_FAMILY = "1,2";
			};
			name = Debug;
		};
		6D1C2D5C2355075E00C2D535 /* Release */ = {
			isa = XCBuildConfiguration;
			buildSettings = {
				ASSETCATALOG_COMPILER_APPICON_NAME = AppIcon;
				CODE_SIGN_STYLE = Automatic;
				INFOPLIST_FILE = KimJiryangHW4/Info.plist;
				LD_RUNPATH_SEARCH_PATHS = (
					"$(inherited)",
					"@executable_path/Frameworks",
				);
				PRODUCT_BUNDLE_IDENTIFIER = edu.usc.jiryangk.KimJiryangHW4;
				PRODUCT_NAME = "$(TARGET_NAME)";
				SWIFT_VERSION = 5.0;
				TARGETED_DEVICE_FAMILY = "1,2";
			};
			name = Release;
		};
		6D1C2D5E2355075E00C2D535 /* Debug */ = {
			isa = XCBuildConfiguration;
			buildSettings = {
				ALWAYS_EMBED_SWIFT_STANDARD_LIBRARIES = YES;
				BUNDLE_LOADER = "$(TEST_HOST)";
				CODE_SIGN_STYLE = Automatic;
				INFOPLIST_FILE = KimJiryangHW4Tests/Info.plist;
				IPHONEOS_DEPLOYMENT_TARGET = 13.1;
				LD_RUNPATH_SEARCH_PATHS = (
					"$(inherited)",
					"@executable_path/Frameworks",
					"@loader_path/Frameworks",
				);
				PRODUCT_BUNDLE_IDENTIFIER = edu.usc.jiryangk.KimJiryangHW4Tests;
				PRODUCT_NAME = "$(TARGET_NAME)";
				SWIFT_VERSION = 5.0;
				TARGETED_DEVICE_FAMILY = "1,2";
				TEST_HOST = "$(BUILT_PRODUCTS_DIR)/KimJiryangHW4.app/KimJiryangHW4";
			};
			name = Debug;
		};
		6D1C2D5F2355075E00C2D535 /* Release */ = {
			isa = XCBuildConfiguration;
			buildSettings = {
				ALWAYS_EMBED_SWIFT_STANDARD_LIBRARIES = YES;
				BUNDLE_LOADER = "$(TEST_HOST)";
				CODE_SIGN_STYLE = Automatic;
				INFOPLIST_FILE = KimJiryangHW4Tests/Info.plist;
				IPHONEOS_DEPLOYMENT_TARGET = 13.1;
				LD_RUNPATH_SEARCH_PATHS = (
					"$(inherited)",
					"@executable_path/Frameworks",
					"@loader_path/Frameworks",
				);
				PRODUCT_BUNDLE_IDENTIFIER = edu.usc.jiryangk.KimJiryangHW4Tests;
				PRODUCT_NAME = "$(TARGET_NAME)";
				SWIFT_VERSION = 5.0;
				TARGETED_DEVICE_FAMILY = "1,2";
				TEST_HOST = "$(BUILT_PRODUCTS_DIR)/KimJiryangHW4.app/KimJiryangHW4";
			};
			name = Release;
		};
		6D1C2D612355075E00C2D535 /* Debug */ = {
			isa = XCBuildConfiguration;
			buildSettings = {
				ALWAYS_EMBED_SWIFT_STANDARD_LIBRARIES = YES;
				CODE_SIGN_STYLE = Automatic;
				INFOPLIST_FILE = KimJiryangHW4UITests/Info.plist;
				LD_RUNPATH_SEARCH_PATHS = (
					"$(inherited)",
					"@executable_path/Frameworks",
					"@loader_path/Frameworks",
				);
				PRODUCT_BUNDLE_IDENTIFIER = edu.usc.jiryangk.KimJiryangHW4UITests;
				PRODUCT_NAME = "$(TARGET_NAME)";
				SWIFT_VERSION = 5.0;
				TARGETED_DEVICE_FAMILY = "1,2";
				TEST_TARGET_NAME = KimJiryangHW4;
			};
			name = Debug;
		};
		6D1C2D622355075E00C2D535 /* Release */ = {
			isa = XCBuildConfiguration;
			buildSettings = {
				ALWAYS_EMBED_SWIFT_STANDARD_LIBRARIES = YES;
				CODE_SIGN_STYLE = Automatic;
				INFOPLIST_FILE = KimJiryangHW4UITests/Info.plist;
				LD_RUNPATH_SEARCH_PATHS = (
					"$(inherited)",
					"@executable_path/Frameworks",
					"@loader_path/Frameworks",
				);
				PRODUCT_BUNDLE_IDENTIFIER = edu.usc.jiryangk.KimJiryangHW4UITests;
				PRODUCT_NAME = "$(TARGET_NAME)";
				SWIFT_VERSION = 5.0;
				TARGETED_DEVICE_FAMILY = "1,2";
				TEST_TARGET_NAME = KimJiryangHW4;
			};
			name = Release;
		};
/* End XCBuildConfiguration section */

/* Begin XCConfigurationList section */
		6D1C2D2B2355075C00C2D535 /* Build configuration list for PBXProject "KimJiryangHW4" */ = {
			isa = XCConfigurationList;
			buildConfigurations = (
				6D1C2D582355075E00C2D535 /* Debug */,
				6D1C2D592355075E00C2D535 /* Release */,
			);
			defaultConfigurationIsVisible = 0;
			defaultConfigurationName = Release;
		};
		6D1C2D5A2355075E00C2D535 /* Build configuration list for PBXNativeTarget "KimJiryangHW4" */ = {
			isa = XCConfigurationList;
			buildConfigurations = (
				6D1C2D5B2355075E00C2D535 /* Debug */,
				6D1C2D5C2355075E00C2D535 /* Release */,
			);
			defaultConfigurationIsVisible = 0;
			defaultConfigurationName = Release;
		};
		6D1C2D5D2355075E00C2D535 /* Build configuration list for PBXNativeTarget "KimJiryangHW4Tests" */ = {
			isa = XCConfigurationList;
			buildConfigurations = (
				6D1C2D5E2355075E00C2D535 /* Debug */,
				6D1C2D5F2355075E00C2D535 /* Release */,
			);
			defaultConfigurationIsVisible = 0;
			defaultConfigurationName = Release;
		};
		6D1C2D602355075E00C2D535 /* Build configuration list for PBXNativeTarget "KimJiryangHW4UITests" */ = {
			isa = XCConfigurationList;
			buildConfigurations = (
				6D1C2D612355075E00C2D535 /* Debug */,
				6D1C2D622355075E00C2D535 /* Release */,
			);
			defaultConfigurationIsVisible = 0;
			defaultConfigurationName = Release;
		};
/* End XCConfigurationList section */
	};
	rootObject = 6D1C2D282355075C00C2D535 /* Project object */;
}
